version = 1
revision = 2
requires-python = ">=3.12"

[[package]]
name = "modbus-templates"
version = "0.1.0"
source = { virtual = "." }
dependencies = [
    { name = "pymodbus" },
]

[package.metadata]
requires-dist = [{ name = "pymodbus", specifier = ">=3.11.3" }]

[[package]]
name = "pymodbus"
version = "3.11.3"
source = { registry = "https://pypi.org/simple" }
sdist = { url = "https://files.pythonhosted.org/packages/2e/3b/599f812b03147f1eee357f0eb62f1753ff5bfc099da9aced63ecf6f32560/pymodbus-3.11.3.tar.gz", hash = "sha256:10c2902838ad5a233baefb64b1c1fb064fa762b22b221bf35191bf39f01449a8", size = 162906, upload-time = "2025-09-25T13:06:51.729Z" }
wheels = [
    { url = "https://files.pythonhosted.org/packages/48/be/65c44a34dd9ac38104819a6182ac9df55dd10b9505ef1dc2ea1d46cb2cbb/pymodbus-3.11.3-py3-none-any.whl", hash = "sha256:fcb84f3389325fc37a644229abf1f31f6704a86265ff3f5ad6ec550c2f243aa1", size = 164377, upload-time = "2025-09-25T13:06:48.587Z" },
]
